schema: '2.0'
stages:
  create_inference_sample:
    cmd: python -m src.create_inference_sample
    deps:
    - path: config/paths.py
      hash: md5
      md5: a4fa5cf24383393a5a825649ca47f8f0
      size: 598
    - path: config/settings.yaml
      hash: md5
      md5: d22eb7b5c8ddf9e2b2023a75ec102b8f
      size: 508
    - path: data/raw/weatherAUS.csv
      hash: md5
      md5: a65cf8b8719b1a65db4f361eeec18457
      size: 14094055
    - path: src/create_inference_sample.py
      hash: md5
      md5: cbd2e10d9ae58ab347bbc4cac9bc78f7
      size: 2390
    - path: utils/file_management.py
      hash: md5
      md5: b879c05d8e371e7111fef8130bbd4df9
      size: 4127
    outs:
    - path: data/processed/inference_sample.csv
      hash: md5
      md5: 20a9d08e39ff3595ca25001d9239dee9
      size: 311291
    - path: data/processed/training_data.csv
      hash: md5
      md5: c6d31db40be8ec38073bbf78dff43045
      size: 15289945
  preprocessing:
    cmd: python -m src.preprocessing
    deps:
    - path: config/features.yaml
      hash: md5
      md5: e35b46919607032f1641dc6ea8322585
      size: 1015
    - path: config/paths.py
      hash: md5
      md5: a4fa5cf24383393a5a825649ca47f8f0
      size: 598
    - path: config/settings.yaml
      hash: md5
      md5: d22eb7b5c8ddf9e2b2023a75ec102b8f
      size: 508
    - path: data/processed/training_data.csv
      hash: md5
      md5: c6d31db40be8ec38073bbf78dff43045
      size: 15289945
    - path: utils/file_management.py
      hash: md5
      md5: b879c05d8e371e7111fef8130bbd4df9
      size: 4127
    - path: utils/preprocessors.py
      hash: md5
      md5: 97b228d69a5d5240f90b1189e2ef5384
      size: 10094
    outs:
    - path: artifacts/dropped_correlated_features.json
      hash: md5
      md5: 6a033c374dfcd795cc96bf953876ec0a
      size: 45
    - path: artifacts/imputation_group_medians.json
      hash: md5
      md5: a3e3f19511fcfe3fbfe1516eaf57331d
      size: 215713
    - path: artifacts/label_encoders.pkl
      hash: md5
      md5: 90d2417486f7b3ff4693b815643178a9
      size: 1367
    - path: data/processed/data.csv
      hash: md5
      md5: 490544d1865f7f14095697c1ac7083e0
      size: 14860633
  main_train:
    cmd: python -m src.main_train
    deps:
    - path: config/features.yaml
      hash: md5
      md5: e35b46919607032f1641dc6ea8322585
      size: 1015
    - path: config/paths.py
      hash: md5
      md5: a4fa5cf24383393a5a825649ca47f8f0
      size: 598
    - path: config/settings.yaml
      hash: md5
      md5: d22eb7b5c8ddf9e2b2023a75ec102b8f
      size: 508
    - path: data/processed/data.csv
      hash: md5
      md5: 490544d1865f7f14095697c1ac7083e0
      size: 14860633
    - path: src/trainer.py
      hash: md5
      md5: 6e312998ee3acec45fbb77747a4f661e
      size: 1172
    - path: src/tuner.py
      hash: md5
      md5: 8355dff981aef179dc9b870cd675ceb9
      size: 2419
    - path: utils/file_management.py
      hash: md5
      md5: b879c05d8e371e7111fef8130bbd4df9
      size: 4127
    outs:
    - path: artifacts/best_params.json
      hash: md5
      md5: 73ebe93fa2bc3e33f95e385313984dac
      size: 95
    - path: artifacts/models/lgbm.joblib
      hash: md5
      md5: 04a3c8b456a1d3f210a337fbbf46ba45
      size: 351220
    - path: artifacts/plots/confusion_matrix.png
      hash: md5
      md5: 7a9c9765a33e0c201e87676de9eac09c
      size: 20483
    - path: artifacts/plots/roc_curve.png
      hash: md5
      md5: 27f6ff0271874bcb23dd8d997c51459c
      size: 26666
  inference_sample_pipeline:
    cmd: python -m src.inference_sample_pipeline
    deps:
    - path: artifacts/models/lgbm.joblib
      hash: md5
      md5: 04a3c8b456a1d3f210a337fbbf46ba45
      size: 351220
    - path: config/features.yaml
      hash: md5
      md5: e35b46919607032f1641dc6ea8322585
      size: 1015
    - path: config/paths.py
      hash: md5
      md5: a4fa5cf24383393a5a825649ca47f8f0
      size: 598
    - path: config/settings.yaml
      hash: md5
      md5: d22eb7b5c8ddf9e2b2023a75ec102b8f
      size: 508
    - path: data/processed/inference_sample.csv
      hash: md5
      md5: 20a9d08e39ff3595ca25001d9239dee9
      size: 311291
